
Microsoft Visual Studio Solution File, Format Version 12.00
# Visual Studio Version 17
VisualStudioVersion = 17.0.31903.59
MinimumVisualStudioVersion = 10.0.40219.1
Project("{2150E333-8FDC-42A3-9474-1A3956D46DE8}") = "src", "src", "{827E0CD3-B72D-47B6-A68D-7590B98EB39B}"
EndProject
Project("{FAE04EC0-301F-11D3-BF4B-00C04F79EFBC}") = "DictaMeeting.App", "src\DictaMeeting.App\DictaMeeting.App.csproj", "{5111963F-140F-491A-A131-9E72C3A0E14E}"
EndProject
Project("{FAE04EC0-301F-11D3-BF4B-00C04F79EFBC}") = "DictaMeeting.Meetings", "src\DictaMeeting.Meetings\DictaMeeting.Meetings.csproj", "{3D13A7B6-57A9-4539-81C9-821D97AD8628}"
EndProject
Project("{FAE04EC0-301F-11D3-BF4B-00C04F79EFBC}") = "DictaMeeting.Audio", "src\DictaMeeting.Audio\DictaMeeting.Audio.csproj", "{C97E8B89-912F-4CB9-85C5-AC342E8635BF}"
EndProject
Project("{FAE04EC0-301F-11D3-BF4B-00C04F79EFBC}") = "DictaMeeting.Transcription", "src\DictaMeeting.Transcription\DictaMeeting.Transcription.csproj", "{B03474AD-1D1C-44F7-B0F9-C222751597DB}"
EndProject
Project("{FAE04EC0-301F-11D3-BF4B-00C04F79EFBC}") = "DictaMeeting.Diarization", "src\DictaMeeting.Diarization\DictaMeeting.Diarization.csproj", "{7C6EC67F-D958-4353-A9C7-48E9CAEE0C7E}"
EndProject
Project("{FAE04EC0-301F-11D3-BF4B-00C04F79EFBC}") = "DictaMeeting.AI", "src\DictaMeeting.AI\DictaMeeting.AI.csproj", "{B69CE8F3-8B0D-44ED-9879-700FCB1D900C}"
EndProject
Project("{FAE04EC0-301F-11D3-BF4B-00C04F79EFBC}") = "DictaMeeting.Infrastructure", "src\DictaMeeting.Infrastructure\DictaMeeting.Infrastructure.csproj", "{76C358ED-CD82-46DF-AA06-1C987531484B}"
EndProject
Project("{FAE04EC0-301F-11D3-BF4B-00C04F79EFBC}") = "DictaMeeting.Tests", "tests\DictaMeeting.Tests\DictaMeeting.Tests.csproj", "{D7319B4D-BFF7-403E-81F6-CE1DF54D4976}"
EndProject
Global
	GlobalSection(SolutionConfigurationPlatforms) = preSolution
		Debug|Any CPU = Debug|Any CPU
		Debug|x64 = Debug|x64
		Debug|x86 = Debug|x86
		Release|Any CPU = Release|Any CPU
		Release|x64 = Release|x64
		Release|x86 = Release|x86
	EndGlobalSection
	GlobalSection(ProjectConfigurationPlatforms) = postSolution
		{5111963F-140F-491A-A131-9E72C3A0E14E}.Debug|Any CPU.ActiveCfg = Debug|Any CPU
		{5111963F-140F-491A-A131-9E72C3A0E14E}.Debug|Any CPU.Build.0 = Debug|Any CPU
		{5111963F-140F-491A-A131-9E72C3A0E14E}.Debug|x64.ActiveCfg = Debug|Any CPU
		{5111963F-140F-491A-A131-9E72C3A0E14E}.Debug|x64.Build.0 = Debug|Any CPU
		{5111963F-140F-491A-A131-9E72C3A0E14E}.Debug|x86.ActiveCfg = Debug|Any CPU
		{5111963F-140F-491A-A131-9E72C3A0E14E}.Debug|x86.Build.0 = Debug|Any CPU
		{5111963F-140F-491A-A131-9E72C3A0E14E}.Release|Any CPU.ActiveCfg = Release|Any CPU
		{5111963F-140F-491A-A131-9E72C3A0E14E}.Release|Any CPU.Build.0 = Release|Any CPU
		{5111963F-140F-491A-A131-9E72C3A0E14E}.Release|x64.ActiveCfg = Release|Any CPU
		{5111963F-140F-491A-A131-9E72C3A0E14E}.Release|x64.Build.0 = Release|Any CPU
		{5111963F-140F-491A-A131-9E72C3A0E14E}.Release|x86.ActiveCfg = Release|Any CPU
		{5111963F-140F-491A-A131-9E72C3A0E14E}.Release|x86.Build.0 = Release|Any CPU
		{3D13A7B6-57A9-4539-81C9-821D97AD8628}.Debug|Any CPU.ActiveCfg = Debug|Any CPU
		{3D13A7B6-57A9-4539-81C9-821D97AD8628}.Debug|Any CPU.Build.0 = Debug|Any CPU
		{3D13A7B6-57A9-4539-81C9-821D97AD8628}.Debug|x64.ActiveCfg = Debug|Any CPU
		{3D13A7B6-57A9-4539-81C9-821D97AD8628}.Debug|x64.Build.0 = Debug|Any CPU
		{3D13A7B6-57A9-4539-81C9-821D97AD8628}.Debug|x86.ActiveCfg = Debug|Any CPU
		{3D13A7B6-57A9-4539-81C9-821D97AD8628}.Debug|x86.Build.0 = Debug|Any CPU
		{3D13A7B6-57A9-4539-81C9-821D97AD8628}.Release|Any CPU.ActiveCfg = Release|Any CPU
		{3D13A7B6-57A9-4539-81C9-821D97AD8628}.Release|Any CPU.Build.0 = Release|Any CPU
		{3D13A7B6-57A9-4539-81C9-821D97AD8628}.Release|x64.ActiveCfg = Release|Any CPU
		{3D13A7B6-57A9-4539-81C9-821D97AD8628}.Release|x64.Build.0 = Release|Any CPU
		{3D13A7B6-57A9-4539-81C9-821D97AD8628}.Release|x86.ActiveCfg = Release|Any CPU
		{3D13A7B6-57A9-4539-81C9-821D97AD8628}.Release|x86.Build.0 = Release|Any CPU
		{C97E8B89-912F-4CB9-85C5-AC342E8635BF}.Debug|Any CPU.ActiveCfg = Debug|Any CPU
		{C97E8B89-912F-4CB9-85C5-AC342E8635BF}.Debug|Any CPU.Build.0 = Debug|Any CPU
		{C97E8B89-912F-4CB9-85C5-AC342E8635BF}.Debug|x64.ActiveCfg = Debug|Any CPU
		{C97E8B89-912F-4CB9-85C5-AC342E8635BF}.Debug|x64.Build.0 = Debug|Any CPU
		{C97E8B89-912F-4CB9-85C5-AC342E8635BF}.Debug|x86.ActiveCfg = Debug|Any CPU
		{C97E8B89-912F-4CB9-85C5-AC342E8635BF}.Debug|x86.Build.0 = Debug|Any CPU
		{C97E8B89-912F-4CB9-85C5-AC342E8635BF}.Release|Any CPU.ActiveCfg = Release|Any CPU
		{C97E8B89-912F-4CB9-85C5-AC342E8635BF}.Release|Any CPU.Build.0 = Release|Any CPU
		{C97E8B89-912F-4CB9-85C5-AC342E8635BF}.Release|x64.ActiveCfg = Release|Any CPU
		{C97E8B89-912F-4CB9-85C5-AC342E8635BF}.Release|x64.Build.0 = Release|Any CPU
		{C97E8B89-912F-4CB9-85C5-AC342E8635BF}.Release|x86.ActiveCfg = Release|Any CPU
		{C97E8B89-912F-4CB9-85C5-AC342E8635BF}.Release|x86.Build.0 = Release|Any CPU
		{B03474AD-1D1C-44F7-B0F9-C222751597DB}.Debug|Any CPU.ActiveCfg = Debug|Any CPU
		{B03474AD-1D1C-44F7-B0F9-C222751597DB}.Debug|Any CPU.Build.0 = Debug|Any CPU
		{B03474AD-1D1C-44F7-B0F9-C222751597DB}.Debug|x64.ActiveCfg = Debug|Any CPU
		{B03474AD-1D1C-44F7-B0F9-C222751597DB}.Debug|x64.Build.0 = Debug|Any CPU
		{B03474AD-1D1C-44F7-B0F9-C222751597DB}.Debug|x86.ActiveCfg = Debug|Any CPU
		{B03474AD-1D1C-44F7-B0F9-C222751597DB}.Debug|x86.Build.0 = Debug|Any CPU
		{B03474AD-1D1C-44F7-B0F9-C222751597DB}.Release|Any CPU.ActiveCfg = Release|Any CPU
		{B03474AD-1D1C-44F7-B0F9-C222751597DB}.Release|Any CPU.Build.0 = Release|Any CPU
		{B03474AD-1D1C-44F7-B0F9-C222751597DB}.Release|x64.ActiveCfg = Release|Any CPU
		{B03474AD-1D1C-44F7-B0F9-C222751597DB}.Release|x64.Build.0 = Release|Any CPU
		{B03474AD-1D1C-44F7-B0F9-C222751597DB}.Release|x86.ActiveCfg = Release|Any CPU
		{B03474AD-1D1C-44F7-B0F9-C222751597DB}.Release|x86.Build.0 = Release|Any CPU
		{7C6EC67F-D958-4353-A9C7-48E9CAEE0C7E}.Debug|Any CPU.ActiveCfg = Debug|Any CPU
		{7C6EC67F-D958-4353-A9C7-48E9CAEE0C7E}.Debug|Any CPU.Build.0 = Debug|Any CPU
		{7C6EC67F-D958-4353-A9C7-48E9CAEE0C7E}.Debug|x64.ActiveCfg = Debug|Any CPU
		{7C6EC67F-D958-4353-A9C7-48E9CAEE0C7E}.Debug|x64.Build.0 = Debug|Any CPU
		{7C6EC67F-D958-4353-A9C7-48E9CAEE0C7E}.Debug|x86.ActiveCfg = Debug|Any CPU
		{7C6EC67F-D958-4353-A9C7-48E9CAEE0C7E}.Debug|x86.Build.0 = Debug|Any CPU
		{7C6EC67F-D958-4353-A9C7-48E9CAEE0C7E}.Release|Any CPU.ActiveCfg = Release|Any CPU
		{7C6EC67F-D958-4353-A9C7-48E9CAEE0C7E}.Release|Any CPU.Build.0 = Release|Any CPU
		{7C6EC67F-D958-4353-A9C7-48E9CAEE0C7E}.Release|x64.ActiveCfg = Release|Any CPU
		{7C6EC67F-D958-4353-A9C7-48E9CAEE0C7E}.Release|x64.Build.0 = Release|Any CPU
		{7C6EC67F-D958-4353-A9C7-48E9CAEE0C7E}.Release|x86.ActiveCfg = Release|Any CPU
		{7C6EC67F-D958-4353-A9C7-48E9CAEE0C7E}.Release|x86.Build.0 = Release|Any CPU
		{B69CE8F3-8B0D-44ED-9879-700FCB1D900C}.Debug|Any CPU.ActiveCfg = Debug|Any CPU
		{B69CE8F3-8B0D-44ED-9879-700FCB1D900C}.Debug|Any CPU.Build.0 = Debug|Any CPU
		{B69CE8F3-8B0D-44ED-9879-700FCB1D900C}.Debug|x64.ActiveCfg = Debug|Any CPU
		{B69CE8F3-8B0D-44ED-9879-700FCB1D900C}.Debug|x64.Build.0 = Debug|Any CPU
		{B69CE8F3-8B0D-44ED-9879-700FCB1D900C}.Debug|x86.ActiveCfg = Debug|Any CPU
		{B69CE8F3-8B0D-44ED-9879-700FCB1D900C}.Debug|x86.Build.0 = Debug|Any CPU
		{B69CE8F3-8B0D-44ED-9879-700FCB1D900C}.Release|Any CPU.ActiveCfg = Release|Any CPU
		{B69CE8F3-8B0D-44ED-9879-700FCB1D900C}.Release|Any CPU.Build.0 = Release|Any CPU
		{B69CE8F3-8B0D-44ED-9879-700FCB1D900C}.Release|x64.ActiveCfg = Release|Any CPU
		{B69CE8F3-8B0D-44ED-9879-700FCB1D900C}.Release|x64.Build.0 = Release|Any CPU
		{B69CE8F3-8B0D-44ED-9879-700FCB1D900C}.Release|x86.ActiveCfg = Release|Any CPU
		{B69CE8F3-8B0D-44ED-9879-700FCB1D900C}.Release|x86.Build.0 = Release|Any CPU
		{76C358ED-CD82-46DF-AA06-1C987531484B}.Debug|Any CPU.ActiveCfg = Debug|Any CPU
		{76C358ED-CD82-46DF-AA06-1C987531484B}.Debug|Any CPU.Build.0 = Debug|Any CPU
		{76C358ED-CD82-46DF-AA06-1C987531484B}.Debug|x64.ActiveCfg = Debug|Any CPU
		{76C358ED-CD82-46DF-AA06-1C987531484B}.Debug|x64.Build.0 = Debug|Any CPU
		{76C358ED-CD82-46DF-AA06-1C987531484B}.Debug|x86.ActiveCfg = Debug|Any CPU
		{76C358ED-CD82-46DF-AA06-1C987531484B}.Debug|x86.Build.0 = Debug|Any CPU
		{76C358ED-CD82-46DF-AA06-1C987531484B}.Release|Any CPU.ActiveCfg = Release|Any CPU
		{76C358ED-CD82-46DF-AA06-1C987531484B}.Release|Any CPU.Build.0 = Release|Any CPU
		{76C358ED-CD82-46DF-AA06-1C987531484B}.Release|x64.ActiveCfg = Release|Any CPU
		{76C358ED-CD82-46DF-AA06-1C987531484B}.Release|x64.Build.0 = Release|Any CPU
		{76C358ED-CD82-46DF-AA06-1C987531484B}.Release|x86.ActiveCfg = Release|Any CPU
		{76C358ED-CD82-46DF-AA06-1C987531484B}.Release|x86.Build.0 = Release|Any CPU
		{D7319B4D-BFF7-403E-81F6-CE1DF54D4976}.Debug|Any CPU.ActiveCfg = Debug|Any CPU
		{D7319B4D-BFF7-403E-81F6-CE1DF54D4976}.Debug|Any CPU.Build.0 = Debug|Any CPU
		{D7319B4D-BFF7-403E-81F6-CE1DF54D4976}.Debug|x64.ActiveCfg = Debug|Any CPU
		{D7319B4D-BFF7-403E-81F6-CE1DF54D4976}.Debug|x64.Build.0 = Debug|Any CPU
		{D7319B4D-BFF7-403E-81F6-CE1DF54D4976}.Debug|x86.ActiveCfg = Debug|Any CPU
		{D7319B4D-BFF7-403E-81F6-CE1DF54D4976}.Debug|x86.Build.0 = Debug|Any CPU
		{D7319B4D-BFF7-403E-81F6-CE1DF54D4976}.Release|Any CPU.ActiveCfg = Release|Any CPU
		{D7319B4D-BFF7-403E-81F6-CE1DF54D4976}.Release|Any CPU.Build.0 = Release|Any CPU
		{D7319B4D-BFF7-403E-81F6-CE1DF54D4976}.Release|x64.ActiveCfg = Release|Any CPU
		{D7319B4D-BFF7-403E-81F6-CE1DF54D4976}.Release|x64.Build.0 = Release|Any CPU
		{D7319B4D-BFF7-403E-81F6-CE1DF54D4976}.Release|x86.ActiveCfg = Release|Any CPU
		{D7319B4D-BFF7-403E-81F6-CE1DF54D4976}.Release|x86.Build.0 = Release|Any CPU
	EndGlobalSection
	GlobalSection(SolutionProperties) = preSolution
		HideSolutionNode = FALSE
	EndGlobalSection
	GlobalSection(NestedProjects) = preSolution
		{5111963F-140F-491A-A131-9E72C3A0E14E} = {827E0CD3-B72D-47B6-A68D-7590B98EB39B}
		{3D13A7B6-57A9-4539-81C9-821D97AD8628} = {827E0CD3-B72D-47B6-A68D-7590B98EB39B}
		{C97E8B89-912F-4CB9-85C5-AC342E8635BF} = {827E0CD3-B72D-47B6-A68D-7590B98EB39B}
		{B03474AD-1D1C-44F7-B0F9-C222751597DB} = {827E0CD3-B72D-47B6-A68D-7590B98EB39B}
		{7C6EC67F-D958-4353-A9C7-48E9CAEE0C7E} = {827E0CD3-B72D-47B6-A68D-7590B98EB39B}
		{B69CE8F3-8B0D-44ED-9879-700FCB1D900C} = {827E0CD3-B72D-47B6-A68D-7590B98EB39B}
		{76C358ED-CD82-46DF-AA06-1C987531484B} = {827E0CD3-B72D-47B6-A68D-7590B98EB39B}
		{D7319B4D-BFF7-403E-81F6-CE1DF54D4976} = {827E0CD3-B72D-47B6-A68D-7590B98EB39B}
	EndGlobalSection
EndGlobal
